
Microsoft Visual Studio Solution File, Format Version 12.00
# Visual Studio Version 16
VisualStudioVersion = 16.0.29519.181
MinimumVisualStudioVersion = 10.0.40219.1
Project("{9A19103F-16F7-4668-BE54-9A1E7A4F7556}") = "APSIM.POStats.Portal", "APSIM.POStats.Portal\APSIM.POStats.Portal.csproj", "{4CDD2055-F138-406C-BA53-F116F820D2C7}"
EndProject
Project("{9A19103F-16F7-4668-BE54-9A1E7A4F7556}") = "APSIM.POStats.Migrate", "APSIM.POStats.Migrate\APSIM.POStats.Migrate.csproj", "{39C5A6CE-F0BE-417C-BE63-A8301CB1DF34}"
EndProject
Project("{9A19103F-16F7-4668-BE54-9A1E7A4F7556}") = "APSIM.POStats.Tests", "APSIM.POStats.Tests\APSIM.POStats.Tests.csproj", "{FC7D201B-23CC-4AE4-B642-A670A774267C}"
EndProject
Project("{FAE04EC0-301F-11D3-BF4B-00C04F79EFBC}") = "APSIM.POStats.Collector", "APSIM.POStats.Collector\APSIM.POStats.Collector.csproj", "{08ADDA20-3799-4763-88B4-D01D89337CEE}"
EndProject
Project("{FAE04EC0-301F-11D3-BF4B-00C04F79EFBC}") = "APSIM.POStats.Shared", "APSIM.POStats.Shared\APSIM.POStats.Shared.csproj", "{C131CC52-D607-4045-A05A-54FADDB45335}"
EndProject
Global
	GlobalSection(SolutionConfigurationPlatforms) = preSolution
		ApsimInfo|Any CPU = ApsimInfo|Any CPU
		ApsimInfo|x64 = ApsimInfo|x64
		ApsimInfo|x86 = ApsimInfo|x86
		CsiroApsim|Any CPU = CsiroApsim|Any CPU
		CsiroApsim|x64 = CsiroApsim|x64
		CsiroApsim|x86 = CsiroApsim|x86
		Debug|Any CPU = Debug|Any CPU
		Debug|x64 = Debug|x64
		Debug|x86 = Debug|x86
		DebugAnyCPU|Any CPU = DebugAnyCPU|Any CPU
		DebugAnyCPU|x64 = DebugAnyCPU|x64
		DebugAnyCPU|x86 = DebugAnyCPU|x86
		Release|Any CPU = Release|Any CPU
		Release|x64 = Release|x64
		Release|x86 = Release|x86
	EndGlobalSection
	GlobalSection(ProjectConfigurationPlatforms) = postSolution
		{4CDD2055-F138-406C-BA53-F116F820D2C7}.ApsimInfo|Any CPU.ActiveCfg = Release|Any CPU
		{4CDD2055-F138-406C-BA53-F116F820D2C7}.ApsimInfo|Any CPU.Build.0 = Release|Any CPU
		{4CDD2055-F138-406C-BA53-F116F820D2C7}.ApsimInfo|x64.ActiveCfg = Debug|Any CPU
		{4CDD2055-F138-406C-BA53-F116F820D2C7}.ApsimInfo|x64.Build.0 = Debug|Any CPU
		{4CDD2055-F138-406C-BA53-F116F820D2C7}.ApsimInfo|x86.ActiveCfg = Debug|Any CPU
		{4CDD2055-F138-406C-BA53-F116F820D2C7}.ApsimInfo|x86.Build.0 = Debug|Any CPU
		{4CDD2055-F138-406C-BA53-F116F820D2C7}.CsiroApsim|Any CPU.ActiveCfg = Release|Any CPU
		{4CDD2055-F138-406C-BA53-F116F820D2C7}.CsiroApsim|Any CPU.Build.0 = Release|Any CPU
		{4CDD2055-F138-406C-BA53-F116F820D2C7}.CsiroApsim|x64.ActiveCfg = Debug|Any CPU
		{4CDD2055-F138-406C-BA53-F116F820D2C7}.CsiroApsim|x64.Build.0 = Debug|Any CPU
		{4CDD2055-F138-406C-BA53-F116F820D2C7}.CsiroApsim|x86.ActiveCfg = Debug|Any CPU
		{4CDD2055-F138-406C-BA53-F116F820D2C7}.CsiroApsim|x86.Build.0 = Debug|Any CPU
		{4CDD2055-F138-406C-BA53-F116F820D2C7}.Debug|Any CPU.ActiveCfg = Debug|Any CPU
		{4CDD2055-F138-406C-BA53-F116F820D2C7}.Debug|Any CPU.Build.0 = Debug|Any CPU
		{4CDD2055-F138-406C-BA53-F116F820D2C7}.Debug|x64.ActiveCfg = Debug|Any CPU
		{4CDD2055-F138-406C-BA53-F116F820D2C7}.Debug|x64.Build.0 = Debug|Any CPU
		{4CDD2055-F138-406C-BA53-F116F820D2C7}.Debug|x86.ActiveCfg = Debug|Any CPU
		{4CDD2055-F138-406C-BA53-F116F820D2C7}.Debug|x86.Build.0 = Debug|Any CPU
		{4CDD2055-F138-406C-BA53-F116F820D2C7}.DebugAnyCPU|Any CPU.ActiveCfg = Debug|Any CPU
		{4CDD2055-F138-406C-BA53-F116F820D2C7}.DebugAnyCPU|Any CPU.Build.0 = Debug|Any CPU
		{4CDD2055-F138-406C-BA53-F116F820D2C7}.DebugAnyCPU|x64.ActiveCfg = Debug|Any CPU
		{4CDD2055-F138-406C-BA53-F116F820D2C7}.DebugAnyCPU|x64.Build.0 = Debug|Any CPU
		{4CDD2055-F138-406C-BA53-F116F820D2C7}.DebugAnyCPU|x86.ActiveCfg = Debug|Any CPU
		{4CDD2055-F138-406C-BA53-F116F820D2C7}.DebugAnyCPU|x86.Build.0 = Debug|Any CPU
		{4CDD2055-F138-406C-BA53-F116F820D2C7}.Release|Any CPU.ActiveCfg = Release|Any CPU
		{4CDD2055-F138-406C-BA53-F116F820D2C7}.Release|Any CPU.Build.0 = Release|Any CPU
		{4CDD2055-F138-406C-BA53-F116F820D2C7}.Release|x64.ActiveCfg = Release|Any CPU
		{4CDD2055-F138-406C-BA53-F116F820D2C7}.Release|x64.Build.0 = Release|Any CPU
		{4CDD2055-F138-406C-BA53-F116F820D2C7}.Release|x86.ActiveCfg = Release|Any CPU
		{4CDD2055-F138-406C-BA53-F116F820D2C7}.Release|x86.Build.0 = Release|Any CPU
		{39C5A6CE-F0BE-417C-BE63-A8301CB1DF34}.ApsimInfo|Any CPU.ActiveCfg = Release|Any CPU
		{39C5A6CE-F0BE-417C-BE63-A8301CB1DF34}.ApsimInfo|Any CPU.Build.0 = Release|Any CPU
		{39C5A6CE-F0BE-417C-BE63-A8301CB1DF34}.ApsimInfo|x64.ActiveCfg = Debug|Any CPU
		{39C5A6CE-F0BE-417C-BE63-A8301CB1DF34}.ApsimInfo|x64.Build.0 = Debug|Any CPU
		{39C5A6CE-F0BE-417C-BE63-A8301CB1DF34}.ApsimInfo|x86.ActiveCfg = Debug|Any CPU
		{39C5A6CE-F0BE-417C-BE63-A8301CB1DF34}.ApsimInfo|x86.Build.0 = Debug|Any CPU
		{39C5A6CE-F0BE-417C-BE63-A8301CB1DF34}.CsiroApsim|Any CPU.ActiveCfg = Release|Any CPU
		{39C5A6CE-F0BE-417C-BE63-A8301CB1DF34}.CsiroApsim|Any CPU.Build.0 = Release|Any CPU
		{39C5A6CE-F0BE-417C-BE63-A8301CB1DF34}.CsiroApsim|x64.ActiveCfg = Debug|Any CPU
		{39C5A6CE-F0BE-417C-BE63-A8301CB1DF34}.CsiroApsim|x64.Build.0 = Debug|Any CPU
		{39C5A6CE-F0BE-417C-BE63-A8301CB1DF34}.CsiroApsim|x86.ActiveCfg = Debug|Any CPU
		{39C5A6CE-F0BE-417C-BE63-A8301CB1DF34}.CsiroApsim|x86.Build.0 = Debug|Any CPU
		{39C5A6CE-F0BE-417C-BE63-A8301CB1DF34}.Debug|Any CPU.ActiveCfg = Debug|Any CPU
		{39C5A6CE-F0BE-417C-BE63-A8301CB1DF34}.Debug|Any CPU.Build.0 = Debug|Any CPU
		{39C5A6CE-F0BE-417C-BE63-A8301CB1DF34}.Debug|x64.ActiveCfg = Debug|Any CPU
		{39C5A6CE-F0BE-417C-BE63-A8301CB1DF34}.Debug|x64.Build.0 = Debug|Any CPU
		{39C5A6CE-F0BE-417C-BE63-A8301CB1DF34}.Debug|x86.ActiveCfg = Debug|Any CPU
		{39C5A6CE-F0BE-417C-BE63-A8301CB1DF34}.Debug|x86.Build.0 = Debug|Any CPU
		{39C5A6CE-F0BE-417C-BE63-A8301CB1DF34}.DebugAnyCPU|Any CPU.ActiveCfg = Debug|Any CPU
		{39C5A6CE-F0BE-417C-BE63-A8301CB1DF34}.DebugAnyCPU|Any CPU.Build.0 = Debug|Any CPU
		{39C5A6CE-F0BE-417C-BE63-A8301CB1DF34}.DebugAnyCPU|x64.ActiveCfg = Debug|Any CPU
		{39C5A6CE-F0BE-417C-BE63-A8301CB1DF34}.DebugAnyCPU|x64.Build.0 = Debug|Any CPU
		{39C5A6CE-F0BE-417C-BE63-A8301CB1DF34}.DebugAnyCPU|x86.ActiveCfg = Debug|Any CPU
		{39C5A6CE-F0BE-417C-BE63-A8301CB1DF34}.DebugAnyCPU|x86.Build.0 = Debug|Any CPU
		{39C5A6CE-F0BE-417C-BE63-A8301CB1DF34}.Release|Any CPU.ActiveCfg = Release|Any CPU
		{39C5A6CE-F0BE-417C-BE63-A8301CB1DF34}.Release|Any CPU.Build.0 = Release|Any CPU
		{39C5A6CE-F0BE-417C-BE63-A8301CB1DF34}.Release|x64.ActiveCfg = Release|Any CPU
		{39C5A6CE-F0BE-417C-BE63-A8301CB1DF34}.Release|x64.Build.0 = Release|Any CPU
		{39C5A6CE-F0BE-417C-BE63-A8301CB1DF34}.Release|x86.ActiveCfg = Release|Any CPU
		{39C5A6CE-F0BE-417C-BE63-A8301CB1DF34}.Release|x86.Build.0 = Release|Any CPU
		{FC7D201B-23CC-4AE4-B642-A670A774267C}.ApsimInfo|Any CPU.ActiveCfg = Release|Any CPU
		{FC7D201B-23CC-4AE4-B642-A670A774267C}.ApsimInfo|Any CPU.Build.0 = Release|Any CPU
		{FC7D201B-23CC-4AE4-B642-A670A774267C}.ApsimInfo|x64.ActiveCfg = Debug|Any CPU
		{FC7D201B-23CC-4AE4-B642-A670A774267C}.ApsimInfo|x64.Build.0 = Debug|Any CPU
		{FC7D201B-23CC-4AE4-B642-A670A774267C}.ApsimInfo|x86.ActiveCfg = Debug|Any CPU
		{FC7D201B-23CC-4AE4-B642-A670A774267C}.ApsimInfo|x86.Build.0 = Debug|Any CPU
		{FC7D201B-23CC-4AE4-B642-A670A774267C}.CsiroApsim|Any CPU.ActiveCfg = Release|Any CPU
		{FC7D201B-23CC-4AE4-B642-A670A774267C}.CsiroApsim|Any CPU.Build.0 = Release|Any CPU
		{FC7D201B-23CC-4AE4-B642-A670A774267C}.CsiroApsim|x64.ActiveCfg = Debug|Any CPU
		{FC7D201B-23CC-4AE4-B642-A670A774267C}.CsiroApsim|x64.Build.0 = Debug|Any CPU
		{FC7D201B-23CC-4AE4-B642-A670A774267C}.CsiroApsim|x86.ActiveCfg = Debug|Any CPU
		{FC7D201B-23CC-4AE4-B642-A670A774267C}.CsiroApsim|x86.Build.0 = Debug|Any CPU
		{FC7D201B-23CC-4AE4-B642-A670A774267C}.Debug|Any CPU.ActiveCfg = Debug|Any CPU
		{FC7D201B-23CC-4AE4-B642-A670A774267C}.Debug|Any CPU.Build.0 = Debug|Any CPU
		{FC7D201B-23CC-4AE4-B642-A670A774267C}.Debug|x64.ActiveCfg = Debug|Any CPU
		{FC7D201B-23CC-4AE4-B642-A670A774267C}.Debug|x64.Build.0 = Debug|Any CPU
		{FC7D201B-23CC-4AE4-B642-A670A774267C}.Debug|x86.ActiveCfg = Debug|Any CPU
		{FC7D201B-23CC-4AE4-B642-A670A774267C}.Debug|x86.Build.0 = Debug|Any CPU
		{FC7D201B-23CC-4AE4-B642-A670A774267C}.DebugAnyCPU|Any CPU.ActiveCfg = Debug|Any CPU
		{FC7D201B-23CC-4AE4-B642-A670A774267C}.DebugAnyCPU|Any CPU.Build.0 = Debug|Any CPU
		{FC7D201B-23CC-4AE4-B642-A670A774267C}.DebugAnyCPU|x64.ActiveCfg = Debug|Any CPU
		{FC7D201B-23CC-4AE4-B642-A670A774267C}.DebugAnyCPU|x64.Build.0 = Debug|Any CPU
		{FC7D201B-23CC-4AE4-B642-A670A774267C}.DebugAnyCPU|x86.ActiveCfg = Debug|Any CPU
		{FC7D201B-23CC-4AE4-B642-A670A774267C}.DebugAnyCPU|x86.Build.0 = Debug|Any CPU
		{FC7D201B-23CC-4AE4-B642-A670A774267C}.Release|Any CPU.ActiveCfg = Release|Any CPU
		{FC7D201B-23CC-4AE4-B642-A670A774267C}.Release|Any CPU.Build.0 = Release|Any CPU
		{FC7D201B-23CC-4AE4-B642-A670A774267C}.Release|x64.ActiveCfg = Release|Any CPU
		{FC7D201B-23CC-4AE4-B642-A670A774267C}.Release|x64.Build.0 = Release|Any CPU
		{FC7D201B-23CC-4AE4-B642-A670A774267C}.Release|x86.ActiveCfg = Release|Any CPU
		{FC7D201B-23CC-4AE4-B642-A670A774267C}.Release|x86.Build.0 = Release|Any CPU
		{08ADDA20-3799-4763-88B4-D01D89337CEE}.ApsimInfo|Any CPU.ActiveCfg = Release|Any CPU
		{08ADDA20-3799-4763-88B4-D01D89337CEE}.ApsimInfo|Any CPU.Build.0 = Release|Any CPU
		{08ADDA20-3799-4763-88B4-D01D89337CEE}.ApsimInfo|x64.ActiveCfg = Release|Any CPU
		{08ADDA20-3799-4763-88B4-D01D89337CEE}.ApsimInfo|x64.Build.0 = Release|Any CPU
		{08ADDA20-3799-4763-88B4-D01D89337CEE}.ApsimInfo|x86.ActiveCfg = Release|Any CPU
		{08ADDA20-3799-4763-88B4-D01D89337CEE}.ApsimInfo|x86.Build.0 = Release|Any CPU
		{08ADDA20-3799-4763-88B4-D01D89337CEE}.CsiroApsim|Any CPU.ActiveCfg = Release|Any CPU
		{08ADDA20-3799-4763-88B4-D01D89337CEE}.CsiroApsim|Any CPU.Build.0 = Release|Any CPU
		{08ADDA20-3799-4763-88B4-D01D89337CEE}.CsiroApsim|x64.ActiveCfg = Release|Any CPU
		{08ADDA20-3799-4763-88B4-D01D89337CEE}.CsiroApsim|x64.Build.0 = Release|Any CPU
		{08ADDA20-3799-4763-88B4-D01D89337CEE}.CsiroApsim|x86.ActiveCfg = Release|Any CPU
		{08ADDA20-3799-4763-88B4-D01D89337CEE}.CsiroApsim|x86.Build.0 = Release|Any CPU
		{08ADDA20-3799-4763-88B4-D01D89337CEE}.Debug|Any CPU.ActiveCfg = Debug|Any CPU
		{08ADDA20-3799-4763-88B4-D01D89337CEE}.Debug|Any CPU.Build.0 = Debug|Any CPU
		{08ADDA20-3799-4763-88B4-D01D89337CEE}.Debug|x64.ActiveCfg = Debug|Any CPU
		{08ADDA20-3799-4763-88B4-D01D89337CEE}.Debug|x64.Build.0 = Debug|Any CPU
		{08ADDA20-3799-4763-88B4-D01D89337CEE}.Debug|x86.ActiveCfg = Debug|Any CPU
		{08ADDA20-3799-4763-88B4-D01D89337CEE}.Debug|x86.Build.0 = Debug|Any CPU
		{08ADDA20-3799-4763-88B4-D01D89337CEE}.DebugAnyCPU|Any CPU.ActiveCfg = Debug|Any CPU
		{08ADDA20-3799-4763-88B4-D01D89337CEE}.DebugAnyCPU|Any CPU.Build.0 = Debug|Any CPU
		{08ADDA20-3799-4763-88B4-D01D89337CEE}.DebugAnyCPU|x64.ActiveCfg = Debug|Any CPU
		{08ADDA20-3799-4763-88B4-D01D89337CEE}.DebugAnyCPU|x64.Build.0 = Debug|Any CPU
		{08ADDA20-3799-4763-88B4-D01D89337CEE}.DebugAnyCPU|x86.ActiveCfg = Debug|Any CPU
		{08ADDA20-3799-4763-88B4-D01D89337CEE}.DebugAnyCPU|x86.Build.0 = Debug|Any CPU
		{08ADDA20-3799-4763-88B4-D01D89337CEE}.Release|Any CPU.ActiveCfg = Release|Any CPU
		{08ADDA20-3799-4763-88B4-D01D89337CEE}.Release|Any CPU.Build.0 = Release|Any CPU
		{08ADDA20-3799-4763-88B4-D01D89337CEE}.Release|x64.ActiveCfg = Release|Any CPU
		{08ADDA20-3799-4763-88B4-D01D89337CEE}.Release|x64.Build.0 = Release|Any CPU
		{08ADDA20-3799-4763-88B4-D01D89337CEE}.Release|x86.ActiveCfg = Release|Any CPU
		{08ADDA20-3799-4763-88B4-D01D89337CEE}.Release|x86.Build.0 = Release|Any CPU
		{C131CC52-D607-4045-A05A-54FADDB45335}.ApsimInfo|Any CPU.ActiveCfg = Release|Any CPU
		{C131CC52-D607-4045-A05A-54FADDB45335}.ApsimInfo|Any CPU.Build.0 = Release|Any CPU
		{C131CC52-D607-4045-A05A-54FADDB45335}.ApsimInfo|x64.ActiveCfg = Release|Any CPU
		{C131CC52-D607-4045-A05A-54FADDB45335}.ApsimInfo|x64.Build.0 = Release|Any CPU
		{C131CC52-D607-4045-A05A-54FADDB45335}.ApsimInfo|x86.ActiveCfg = Release|Any CPU
		{C131CC52-D607-4045-A05A-54FADDB45335}.ApsimInfo|x86.Build.0 = Release|Any CPU
		{C131CC52-D607-4045-A05A-54FADDB45335}.CsiroApsim|Any CPU.ActiveCfg = Release|Any CPU
		{C131CC52-D607-4045-A05A-54FADDB45335}.CsiroApsim|Any CPU.Build.0 = Release|Any CPU
		{C131CC52-D607-4045-A05A-54FADDB45335}.CsiroApsim|x64.ActiveCfg = Release|Any CPU
		{C131CC52-D607-4045-A05A-54FADDB45335}.CsiroApsim|x64.Build.0 = Release|Any CPU
		{C131CC52-D607-4045-A05A-54FADDB45335}.CsiroApsim|x86.ActiveCfg = Release|Any CPU
		{C131CC52-D607-4045-A05A-54FADDB45335}.CsiroApsim|x86.Build.0 = Release|Any CPU
		{C131CC52-D607-4045-A05A-54FADDB45335}.Debug|Any CPU.ActiveCfg = Debug|Any CPU
		{C131CC52-D607-4045-A05A-54FADDB45335}.Debug|Any CPU.Build.0 = Debug|Any CPU
		{C131CC52-D607-4045-A05A-54FADDB45335}.Debug|x64.ActiveCfg = Debug|Any CPU
		{C131CC52-D607-4045-A05A-54FADDB45335}.Debug|x64.Build.0 = Debug|Any CPU
		{C131CC52-D607-4045-A05A-54FADDB45335}.Debug|x86.ActiveCfg = Debug|Any CPU
		{C131CC52-D607-4045-A05A-54FADDB45335}.Debug|x86.Build.0 = Debug|Any CPU
		{C131CC52-D607-4045-A05A-54FADDB45335}.DebugAnyCPU|Any CPU.ActiveCfg = Debug|Any CPU
		{C131CC52-D607-4045-A05A-54FADDB45335}.DebugAnyCPU|Any CPU.Build.0 = Debug|Any CPU
		{C131CC52-D607-4045-A05A-54FADDB45335}.DebugAnyCPU|x64.ActiveCfg = Debug|Any CPU
		{C131CC52-D607-4045-A05A-54FADDB45335}.DebugAnyCPU|x64.Build.0 = Debug|Any CPU
		{C131CC52-D607-4045-A05A-54FADDB45335}.DebugAnyCPU|x86.ActiveCfg = Debug|Any CPU
		{C131CC52-D607-4045-A05A-54FADDB45335}.DebugAnyCPU|x86.Build.0 = Debug|Any CPU
		{C131CC52-D607-4045-A05A-54FADDB45335}.Release|Any CPU.ActiveCfg = Release|Any CPU
		{C131CC52-D607-4045-A05A-54FADDB45335}.Release|Any CPU.Build.0 = Release|Any CPU
		{C131CC52-D607-4045-A05A-54FADDB45335}.Release|x64.ActiveCfg = Release|Any CPU
		{C131CC52-D607-4045-A05A-54FADDB45335}.Release|x64.Build.0 = Release|Any CPU
		{C131CC52-D607-4045-A05A-54FADDB45335}.Release|x86.ActiveCfg = Release|Any CPU
		{C131CC52-D607-4045-A05A-54FADDB45335}.Release|x86.Build.0 = Release|Any CPU
	EndGlobalSection
	GlobalSection(SolutionProperties) = preSolution
		HideSolutionNode = FALSE
	EndGlobalSection
	GlobalSection(ExtensibilityGlobals) = postSolution
		SolutionGuid = {8BF0DFEE-1087-4F96-BDDB-CAF9B3FDDA40}
	EndGlobalSection
EndGlobal
