
Microsoft Visual Studio Solution File, Format Version 12.00
# Visual Studio 15
VisualStudioVersion = 15.0.27130.2010
MinimumVisualStudioVersion = 10.0.40219.1
Project("{FAE04EC0-301F-11D3-BF4B-00C04F79EFBC}") = "APSIM.PerformanceTests.Collector", "APSIM.PerformanceTests.Collector.csproj", "{D53509C0-EA48-47A6-8CA1-A11B480CF42A}"
EndProject
Global
	GlobalSection(SolutionConfigurationPlatforms) = preSolution
		Debug|Any CPU = Debug|Any CPU
		Release|Any CPU = Release|Any CPU
	EndGlobalSection
	GlobalSection(ProjectConfigurationPlatforms) = postSolution
		{D53509C0-EA48-47A6-8CA1-A11B480CF42A}.Debug|Any CPU.ActiveCfg = Debug|Any CPU
		{D53509C0-EA48-47A6-8CA1-A11B480CF42A}.Debug|Any CPU.Build.0 = Debug|Any CPU
		{D53509C0-EA48-47A6-8CA1-A11B480CF42A}.Release|Any CPU.ActiveCfg = Release|Any CPU
		{D53509C0-EA48-47A6-8CA1-A11B480CF42A}.Release|Any CPU.Build.0 = Release|Any CPU
	EndGlobalSection
	GlobalSection(SolutionProperties) = preSolution
		HideSolutionNode = FALSE
	EndGlobalSection
	GlobalSection(ExtensibilityGlobals) = postSolution
		SolutionGuid = {8BF0DFEE-1087-4F96-BDDB-CAF9B3FDDA40}
	EndGlobalSection
EndGlobal
