
Microsoft Visual Studio Solution File, Format Version 12.00
# Visual Studio 15
VisualStudioVersion = 15.0.26228.9
MinimumVisualStudioVersion = 10.0.40219.1
Project("{FAE04EC0-301F-11D3-BF4B-00C04F79EFBC}") = "APSIM.PerformanceTests.Service", "APSIM.PerformanceTests.Service\APSIM.PerformanceTests.Service.csproj", "{7A0D8E6A-FF82-4CBE-A03A-0E741CA2F552}"
EndProject
Project("{FAE04EC0-301F-11D3-BF4B-00C04F79EFBC}") = "APSIM.Shared", "..\..\Apsim.Shared\APSIM.Shared.csproj", "{E243AE8D-35E3-4397-B180-EF1E8A91AE8C}"
EndProject
Global
	GlobalSection(SolutionConfigurationPlatforms) = preSolution
		Debug|Any CPU = Debug|Any CPU
		Debug|x86 = Debug|x86
		DebugAnyCPU|Any CPU = DebugAnyCPU|Any CPU
		DebugAnyCPU|x86 = DebugAnyCPU|x86
		Release|Any CPU = Release|Any CPU
		Release|x86 = Release|x86
	EndGlobalSection
	GlobalSection(ProjectConfigurationPlatforms) = postSolution
		{7A0D8E6A-FF82-4CBE-A03A-0E741CA2F552}.Debug|Any CPU.ActiveCfg = Debug|Any CPU
		{7A0D8E6A-FF82-4CBE-A03A-0E741CA2F552}.Debug|Any CPU.Build.0 = Debug|Any CPU
		{7A0D8E6A-FF82-4CBE-A03A-0E741CA2F552}.Debug|x86.ActiveCfg = Debug|Any CPU
		{7A0D8E6A-FF82-4CBE-A03A-0E741CA2F552}.Debug|x86.Build.0 = Debug|Any CPU
		{7A0D8E6A-FF82-4CBE-A03A-0E741CA2F552}.DebugAnyCPU|Any CPU.ActiveCfg = Debug|Any CPU
		{7A0D8E6A-FF82-4CBE-A03A-0E741CA2F552}.DebugAnyCPU|Any CPU.Build.0 = Debug|Any CPU
		{7A0D8E6A-FF82-4CBE-A03A-0E741CA2F552}.DebugAnyCPU|x86.ActiveCfg = Debug|Any CPU
		{7A0D8E6A-FF82-4CBE-A03A-0E741CA2F552}.DebugAnyCPU|x86.Build.0 = Debug|Any CPU
		{7A0D8E6A-FF82-4CBE-A03A-0E741CA2F552}.Release|Any CPU.ActiveCfg = Release|Any CPU
		{7A0D8E6A-FF82-4CBE-A03A-0E741CA2F552}.Release|Any CPU.Build.0 = Release|Any CPU
		{7A0D8E6A-FF82-4CBE-A03A-0E741CA2F552}.Release|x86.ActiveCfg = Release|Any CPU
		{7A0D8E6A-FF82-4CBE-A03A-0E741CA2F552}.Release|x86.Build.0 = Release|Any CPU
		{E243AE8D-35E3-4397-B180-EF1E8A91AE8C}.Debug|Any CPU.ActiveCfg = Debug|Any CPU
		{E243AE8D-35E3-4397-B180-EF1E8A91AE8C}.Debug|Any CPU.Build.0 = Debug|Any CPU
		{E243AE8D-35E3-4397-B180-EF1E8A91AE8C}.Debug|x86.ActiveCfg = Debug|x86
		{E243AE8D-35E3-4397-B180-EF1E8A91AE8C}.Debug|x86.Build.0 = Debug|x86
		{E243AE8D-35E3-4397-B180-EF1E8A91AE8C}.DebugAnyCPU|Any CPU.ActiveCfg = DebugAnyCPU|Any CPU
		{E243AE8D-35E3-4397-B180-EF1E8A91AE8C}.DebugAnyCPU|Any CPU.Build.0 = DebugAnyCPU|Any CPU
		{E243AE8D-35E3-4397-B180-EF1E8A91AE8C}.DebugAnyCPU|x86.ActiveCfg = DebugAnyCPU|x86
		{E243AE8D-35E3-4397-B180-EF1E8A91AE8C}.DebugAnyCPU|x86.Build.0 = DebugAnyCPU|x86
		{E243AE8D-35E3-4397-B180-EF1E8A91AE8C}.Release|Any CPU.ActiveCfg = Release|Any CPU
		{E243AE8D-35E3-4397-B180-EF1E8A91AE8C}.Release|Any CPU.Build.0 = Release|Any CPU
		{E243AE8D-35E3-4397-B180-EF1E8A91AE8C}.Release|x86.ActiveCfg = Release|x86
		{E243AE8D-35E3-4397-B180-EF1E8A91AE8C}.Release|x86.Build.0 = Release|x86
	EndGlobalSection
	GlobalSection(SolutionProperties) = preSolution
		HideSolutionNode = FALSE
	EndGlobalSection
EndGlobal
